<?xml version="1.0" encoding="utf-8"?>
<Project ToolsVersion="4.0" xmlns="http://schemas.microsoft.com/developer/msbuild/2003">
  <ItemGroup>
    <Filter Include="Source Files">
      <UniqueIdentifier>{4FC737F1-C7A5-4376-A066-2A32D752A2FF}</UniqueIdentifier>
      <Extensions>cpp;c;cc;cxx;c++;cppm;ixx;def;odl;idl;hpj;bat;asm;asmx</Extensions>
    </Filter>
    <Filter Include="Mapper">
      <UniqueIdentifier>{3067b603-c6f4-4b14-a425-06256741962e}</UniqueIdentifier>
    </Filter>
    <Filter Include="Socket">
      <UniqueIdentifier>{f70400da-5de9-4456-9c79-c04cfa645fd0}</UniqueIdentifier>
    </Filter>
    <Filter Include="Utilities">
      <UniqueIdentifier>{3941d73a-57a2-4ddd-bb2f-5695ff1039ae}</UniqueIdentifier>
    </Filter>
  </ItemGroup>
  <ItemGroup>
    <ClCompile Include="ServerMapper.cpp">
      <Filter>Source Files</Filter>
    </ClCompile>
    <ClCompile Include="Handler.cpp">
      <Filter>Socket</Filter>
    </ClCompile>
    <ClCompile Include="OnBinary.cpp">
      <Filter>Socket</Filter>
    </ClCompile>
    <ClCompile Include="MessageHandler.cpp">
      <Filter>Socket</Filter>
    </ClCompile>
    <ClCompile Include="BinaryPacket.cpp">
      <Filter>Socket</Filter>
    </ClCompile>
    <ClCompile Include="Utils.cpp">
      <Filter>Utilities</Filter>
    </ClCompile>
  </ItemGroup>
  <ItemGroup>
    <Library Include="libcrypto.lib" />
    <Library Include="libssl.lib" />
  </ItemGroup>
  <ItemGroup>
    <ClInclude Include="Handler.h">
      <Filter>Socket</Filter>
    </ClInclude>
    <ClInclude Include="Client.h">
      <Filter>Socket</Filter>
    </ClInclude>
    <ClInclude Include="BinaryPacket.h">
      <Filter>Socket</Filter>
    </ClInclude>
    <ClInclude Include="PacketType.h">
      <Filter>Socket</Filter>
    </ClInclude>
    <ClInclude Include="Utils.h">
      <Filter>Utilities</Filter>
    </ClInclude>
  </ItemGroup>
</Project>